
Microsoft Visual Studio Solution File, Format Version 12.00
# Visual Studio Version 17
VisualStudioVersion = 17.8.34316.72
MinimumVisualStudioVersion = 10.0.40219.1
Project("{FAE04EC0-301F-11D3-BF4B-00C04F79EFBC}") = "JovanSimonoski212005", "JovanSimonoski212005\JovanSimonoski212005.csproj", "{1758F3A5-0CB6-4EE2-A51B-9E898C7ACE49}"
EndProject
Global
	GlobalSection(SolutionConfigurationPlatforms) = preSolution
		Debug|Any CPU = Debug|Any CPU
		Release|Any CPU = Release|Any CPU
	EndGlobalSection
	GlobalSection(ProjectConfigurationPlatforms) = postSolution
		{1758F3A5-0CB6-4EE2-A51B-9E898C7ACE49}.Debug|Any CPU.ActiveCfg = Debug|Any CPU
		{1758F3A5-0CB6-4EE2-A51B-9E898C7ACE49}.Debug|Any CPU.Build.0 = Debug|Any CPU
		{1758F3A5-0CB6-4EE2-A51B-9E898C7ACE49}.Release|Any CPU.ActiveCfg = Release|Any CPU
		{1758F3A5-0CB6-4EE2-A51B-9E898C7ACE49}.Release|Any CPU.Build.0 = Release|Any CPU
	EndGlobalSection
	GlobalSection(SolutionProperties) = preSolution
		HideSolutionNode = FALSE
	EndGlobalSection
	GlobalSection(ExtensibilityGlobals) = postSolution
		SolutionGuid = {A80CC05D-13B8-49BF-9F69-3B8C26C28990}
	EndGlobalSection
EndGlobal
